
Microsoft Visual Studio Solution File, Format Version 12.00
# Visual Studio 15
VisualStudioVersion = 15.0.26124.0
MinimumVisualStudioVersion = 15.0.26124.0
Project("{FAE04EC0-301F-11D3-BF4B-00C04F79EFBC}") = "PizzaWorld.Client", "PizzaWorld.Client\PizzaWorld.Client.csproj", "{99143A93-433C-402C-859C-7EA6317B87F1}"
EndProject
Project("{FAE04EC0-301F-11D3-BF4B-00C04F79EFBC}") = "PizzaWorld.Domain", "PizzaWorld.Domain\PizzaWorld.Domain.csproj", "{0A06097D-625F-4C3F-8967-6516BB0A17D2}"
EndProject
Project("{FAE04EC0-301F-11D3-BF4B-00C04F79EFBC}") = "PizzaWorld.Testing", "PizzaWorld.Testing\PizzaWorld.Testing.csproj", "{7723A4B5-9551-44B4-89BC-C7621CA02916}"
EndProject
Global
	GlobalSection(SolutionConfigurationPlatforms) = preSolution
		Debug|Any CPU = Debug|Any CPU
		Debug|x64 = Debug|x64
		Debug|x86 = Debug|x86
		Release|Any CPU = Release|Any CPU
		Release|x64 = Release|x64
		Release|x86 = Release|x86
	EndGlobalSection
	GlobalSection(SolutionProperties) = preSolution
		HideSolutionNode = FALSE
	EndGlobalSection
	GlobalSection(ProjectConfigurationPlatforms) = postSolution
		{99143A93-433C-402C-859C-7EA6317B87F1}.Debug|Any CPU.ActiveCfg = Debug|Any CPU
		{99143A93-433C-402C-859C-7EA6317B87F1}.Debug|Any CPU.Build.0 = Debug|Any CPU
		{99143A93-433C-402C-859C-7EA6317B87F1}.Debug|x64.ActiveCfg = Debug|Any CPU
		{99143A93-433C-402C-859C-7EA6317B87F1}.Debug|x64.Build.0 = Debug|Any CPU
		{99143A93-433C-402C-859C-7EA6317B87F1}.Debug|x86.ActiveCfg = Debug|Any CPU
		{99143A93-433C-402C-859C-7EA6317B87F1}.Debug|x86.Build.0 = Debug|Any CPU
		{99143A93-433C-402C-859C-7EA6317B87F1}.Release|Any CPU.ActiveCfg = Release|Any CPU
		{99143A93-433C-402C-859C-7EA6317B87F1}.Release|Any CPU.Build.0 = Release|Any CPU
		{99143A93-433C-402C-859C-7EA6317B87F1}.Release|x64.ActiveCfg = Release|Any CPU
		{99143A93-433C-402C-859C-7EA6317B87F1}.Release|x64.Build.0 = Release|Any CPU
		{99143A93-433C-402C-859C-7EA6317B87F1}.Release|x86.ActiveCfg = Release|Any CPU
		{99143A93-433C-402C-859C-7EA6317B87F1}.Release|x86.Build.0 = Release|Any CPU
		{0A06097D-625F-4C3F-8967-6516BB0A17D2}.Debug|Any CPU.ActiveCfg = Debug|Any CPU
		{0A06097D-625F-4C3F-8967-6516BB0A17D2}.Debug|Any CPU.Build.0 = Debug|Any CPU
		{0A06097D-625F-4C3F-8967-6516BB0A17D2}.Debug|x64.ActiveCfg = Debug|Any CPU
		{0A06097D-625F-4C3F-8967-6516BB0A17D2}.Debug|x64.Build.0 = Debug|Any CPU
		{0A06097D-625F-4C3F-8967-6516BB0A17D2}.Debug|x86.ActiveCfg = Debug|Any CPU
		{0A06097D-625F-4C3F-8967-6516BB0A17D2}.Debug|x86.Build.0 = Debug|Any CPU
		{0A06097D-625F-4C3F-8967-6516BB0A17D2}.Release|Any CPU.ActiveCfg = Release|Any CPU
		{0A06097D-625F-4C3F-8967-6516BB0A17D2}.Release|Any CPU.Build.0 = Release|Any CPU
		{0A06097D-625F-4C3F-8967-6516BB0A17D2}.Release|x64.ActiveCfg = Release|Any CPU
		{0A06097D-625F-4C3F-8967-6516BB0A17D2}.Release|x64.Build.0 = Release|Any CPU
		{0A06097D-625F-4C3F-8967-6516BB0A17D2}.Release|x86.ActiveCfg = Release|Any CPU
		{0A06097D-625F-4C3F-8967-6516BB0A17D2}.Release|x86.Build.0 = Release|Any CPU
		{7723A4B5-9551-44B4-89BC-C7621CA02916}.Debug|Any CPU.ActiveCfg = Debug|Any CPU
		{7723A4B5-9551-44B4-89BC-C7621CA02916}.Debug|Any CPU.Build.0 = Debug|Any CPU
		{7723A4B5-9551-44B4-89BC-C7621CA02916}.Debug|x64.ActiveCfg = Debug|Any CPU
		{7723A4B5-9551-44B4-89BC-C7621CA02916}.Debug|x64.Build.0 = Debug|Any CPU
		{7723A4B5-9551-44B4-89BC-C7621CA02916}.Debug|x86.ActiveCfg = Debug|Any CPU
		{7723A4B5-9551-44B4-89BC-C7621CA02916}.Debug|x86.Build.0 = Debug|Any CPU
		{7723A4B5-9551-44B4-89BC-C7621CA02916}.Release|Any CPU.ActiveCfg = Release|Any CPU
		{7723A4B5-9551-44B4-89BC-C7621CA02916}.Release|Any CPU.Build.0 = Release|Any CPU
		{7723A4B5-9551-44B4-89BC-C7621CA02916}.Release|x64.ActiveCfg = Release|Any CPU
		{7723A4B5-9551-44B4-89BC-C7621CA02916}.Release|x64.Build.0 = Release|Any CPU
		{7723A4B5-9551-44B4-89BC-C7621CA02916}.Release|x86.ActiveCfg = Release|Any CPU
		{7723A4B5-9551-44B4-89BC-C7621CA02916}.Release|x86.Build.0 = Release|Any CPU
	EndGlobalSection
EndGlobal
